Microsoft Visual Studio Solution File, Format Version 12.00
# Visual Studio Version 17
VisualStudioVersion = 17.5.2.0
MinimumVisualStudioVersion = 10.0.40219.1
Project("{FAE04EC0-301F-11D3-BF4B-00C04F79EFBC}") = "AirbnbLite", "AirbnbLite.csproj", "{96D32DBB-D4BE-93C5-E778-945CDC9F1393}"
EndProject
Global
	GlobalSection(SolutionConfigurationPlatforms) = preSolution
		Debug|Any CPU = Debug|Any CPU
		Release|Any CPU = Release|Any CPU
	EndGlobalSection
	GlobalSection(ProjectConfigurationPlatforms) = postSolution
		{96D32DBB-D4BE-93C5-E778-945CDC9F1393}.Debug|Any CPU.ActiveCfg = Debug|Any CPU
		{96D32DBB-D4BE-93C5-E778-945CDC9F1393}.Debug|Any CPU.Build.0 = Debug|Any CPU
		{96D32DBB-D4BE-93C5-E778-945CDC9F1393}.Release|Any CPU.ActiveCfg = Release|Any CPU
		{96D32DBB-D4BE-93C5-E778-945CDC9F1393}.Release|Any CPU.Build.0 = Release|Any CPU
	EndGlobalSection
	GlobalSection(SolutionProperties) = preSolution
		HideSolutionNode = FALSE
	EndGlobalSection
	GlobalSection(ExtensibilityGlobals) = postSolution
		SolutionGuid = {96794314-95B3-4161-9C0E-E4224C3E8633}
	EndGlobalSection
EndGlobal
